
Microsoft Visual Studio Solution File, Format Version 12.00
# Visual Studio Version 16
VisualStudioVersion = 16.0.30011.22
MinimumVisualStudioVersion = 10.0.40219.1
Project("{FAE04EC0-301F-11D3-BF4B-00C04F79EFBC}") = "BigInt", "BigInt\BigInt.csproj", "{68606420-DEE3-4E53-A772-EA1C5D3DE049}"
EndProject
Project("{FAE04EC0-301F-11D3-BF4B-00C04F79EFBC}") = "BigInt.Test.ITSecA3", "BigInt.Test.ITSecA3\BigInt.Test.ITSecA3.csproj", "{98CF9AF5-212C-4217-9BB2-A4E52F3BF840}"
EndProject
Global
	GlobalSection(SolutionConfigurationPlatforms) = preSolution
		Debug|Any CPU = Debug|Any CPU
		Release|Any CPU = Release|Any CPU
	EndGlobalSection
	GlobalSection(ProjectConfigurationPlatforms) = postSolution
		{68606420-DEE3-4E53-A772-EA1C5D3DE049}.Debug|Any CPU.ActiveCfg = Debug|Any CPU
		{68606420-DEE3-4E53-A772-EA1C5D3DE049}.Debug|Any CPU.Build.0 = Debug|Any CPU
		{68606420-DEE3-4E53-A772-EA1C5D3DE049}.Release|Any CPU.ActiveCfg = Release|Any CPU
		{68606420-DEE3-4E53-A772-EA1C5D3DE049}.Release|Any CPU.Build.0 = Release|Any CPU
		{98CF9AF5-212C-4217-9BB2-A4E52F3BF840}.Debug|Any CPU.ActiveCfg = Debug|Any CPU
		{98CF9AF5-212C-4217-9BB2-A4E52F3BF840}.Debug|Any CPU.Build.0 = Debug|Any CPU
		{98CF9AF5-212C-4217-9BB2-A4E52F3BF840}.Release|Any CPU.ActiveCfg = Release|Any CPU
		{98CF9AF5-212C-4217-9BB2-A4E52F3BF840}.Release|Any CPU.Build.0 = Release|Any CPU
	EndGlobalSection
	GlobalSection(SolutionProperties) = preSolution
		HideSolutionNode = FALSE
	EndGlobalSection
	GlobalSection(ExtensibilityGlobals) = postSolution
		SolutionGuid = {F798A6A9-E633-4776-B13D-4EC208407E4F}
	EndGlobalSection
EndGlobal
