
Microsoft Visual Studio Solution File, Format Version 12.00
# Visual Studio Version 16
VisualStudioVersion = 16.0.30011.22
MinimumVisualStudioVersion = 10.0.40219.1
Project("{FAE04EC0-301F-11D3-BF4B-00C04F79EFBC}") = "BigInt", "BigInt\BigInt.csproj", "{BBF25BC5-0DEB-4D13-A241-BA867854E95E}"
EndProject
Project("{FAE04EC0-301F-11D3-BF4B-00C04F79EFBC}") = "BigInt.Test.ITSecA4", "BigInt.Test.ITSecA4\BigInt.Test.ITSecA4.csproj", "{23C848FC-70B0-4C5E-8B25-51CC10D410D6}"
EndProject
Global
	GlobalSection(SolutionConfigurationPlatforms) = preSolution
		Debug|Any CPU = Debug|Any CPU
		Release|Any CPU = Release|Any CPU
	EndGlobalSection
	GlobalSection(ProjectConfigurationPlatforms) = postSolution
		{BBF25BC5-0DEB-4D13-A241-BA867854E95E}.Debug|Any CPU.ActiveCfg = Debug|Any CPU
		{BBF25BC5-0DEB-4D13-A241-BA867854E95E}.Debug|Any CPU.Build.0 = Debug|Any CPU
		{BBF25BC5-0DEB-4D13-A241-BA867854E95E}.Release|Any CPU.ActiveCfg = Release|Any CPU
		{BBF25BC5-0DEB-4D13-A241-BA867854E95E}.Release|Any CPU.Build.0 = Release|Any CPU
		{23C848FC-70B0-4C5E-8B25-51CC10D410D6}.Debug|Any CPU.ActiveCfg = Debug|Any CPU
		{23C848FC-70B0-4C5E-8B25-51CC10D410D6}.Debug|Any CPU.Build.0 = Debug|Any CPU
		{23C848FC-70B0-4C5E-8B25-51CC10D410D6}.Release|Any CPU.ActiveCfg = Release|Any CPU
		{23C848FC-70B0-4C5E-8B25-51CC10D410D6}.Release|Any CPU.Build.0 = Release|Any CPU
	EndGlobalSection
	GlobalSection(SolutionProperties) = preSolution
		HideSolutionNode = FALSE
	EndGlobalSection
	GlobalSection(ExtensibilityGlobals) = postSolution
		SolutionGuid = {AD9C6481-5C1E-4B22-B1F4-64B10B0969B3}
	EndGlobalSection
EndGlobal
